
Microsoft Visual Studio Solution File, Format Version 12.00
# Visual Studio 15
VisualStudioVersion = 15.0.26124.0
MinimumVisualStudioVersion = 15.0.26124.0
Project("{FAE04EC0-301F-11D3-BF4B-00C04F79EFBC}") = "library", "library\library.csproj", "{0DE44787-F523-4D85-8EFE-89F8233AE513}"
EndProject
Project("{FAE04EC0-301F-11D3-BF4B-00C04F79EFBC}") = "app", "app\app.csproj", "{B890778E-4DD9-42FE-8B44-8F8B60654AA3}"
EndProject
Global
	GlobalSection(SolutionConfigurationPlatforms) = preSolution
		Debug|Any CPU = Debug|Any CPU
		Debug|x64 = Debug|x64
		Debug|x86 = Debug|x86
		Release|Any CPU = Release|Any CPU
		Release|x64 = Release|x64
		Release|x86 = Release|x86
	EndGlobalSection
	GlobalSection(SolutionProperties) = preSolution
		HideSolutionNode = FALSE
	EndGlobalSection
	GlobalSection(ProjectConfigurationPlatforms) = postSolution
		{0DE44787-F523-4D85-8EFE-89F8233AE513}.Debug|Any CPU.ActiveCfg = Debug|Any CPU
		{0DE44787-F523-4D85-8EFE-89F8233AE513}.Debug|Any CPU.Build.0 = Debug|Any CPU
		{0DE44787-F523-4D85-8EFE-89F8233AE513}.Debug|x64.ActiveCfg = Debug|Any CPU
		{0DE44787-F523-4D85-8EFE-89F8233AE513}.Debug|x64.Build.0 = Debug|Any CPU
		{0DE44787-F523-4D85-8EFE-89F8233AE513}.Debug|x86.ActiveCfg = Debug|Any CPU
		{0DE44787-F523-4D85-8EFE-89F8233AE513}.Debug|x86.Build.0 = Debug|Any CPU
		{0DE44787-F523-4D85-8EFE-89F8233AE513}.Release|Any CPU.ActiveCfg = Release|Any CPU
		{0DE44787-F523-4D85-8EFE-89F8233AE513}.Release|Any CPU.Build.0 = Release|Any CPU
		{0DE44787-F523-4D85-8EFE-89F8233AE513}.Release|x64.ActiveCfg = Release|Any CPU
		{0DE44787-F523-4D85-8EFE-89F8233AE513}.Release|x64.Build.0 = Release|Any CPU
		{0DE44787-F523-4D85-8EFE-89F8233AE513}.Release|x86.ActiveCfg = Release|Any CPU
		{0DE44787-F523-4D85-8EFE-89F8233AE513}.Release|x86.Build.0 = Release|Any CPU
		{B890778E-4DD9-42FE-8B44-8F8B60654AA3}.Debug|Any CPU.ActiveCfg = Debug|Any CPU
		{B890778E-4DD9-42FE-8B44-8F8B60654AA3}.Debug|Any CPU.Build.0 = Debug|Any CPU
		{B890778E-4DD9-42FE-8B44-8F8B60654AA3}.Debug|x64.ActiveCfg = Debug|Any CPU
		{B890778E-4DD9-42FE-8B44-8F8B60654AA3}.Debug|x64.Build.0 = Debug|Any CPU
		{B890778E-4DD9-42FE-8B44-8F8B60654AA3}.Debug|x86.ActiveCfg = Debug|Any CPU
		{B890778E-4DD9-42FE-8B44-8F8B60654AA3}.Debug|x86.Build.0 = Debug|Any CPU
		{B890778E-4DD9-42FE-8B44-8F8B60654AA3}.Release|Any CPU.ActiveCfg = Release|Any CPU
		{B890778E-4DD9-42FE-8B44-8F8B60654AA3}.Release|Any CPU.Build.0 = Release|Any CPU
		{B890778E-4DD9-42FE-8B44-8F8B60654AA3}.Release|x64.ActiveCfg = Release|Any CPU
		{B890778E-4DD9-42FE-8B44-8F8B60654AA3}.Release|x64.Build.0 = Release|Any CPU
		{B890778E-4DD9-42FE-8B44-8F8B60654AA3}.Release|x86.ActiveCfg = Release|Any CPU
		{B890778E-4DD9-42FE-8B44-8F8B60654AA3}.Release|x86.Build.0 = Release|Any CPU
	EndGlobalSection
EndGlobal
